
Microsoft Visual Studio Solution File, Format Version 12.00
# Visual Studio 15
VisualStudioVersion = 15.0.26124.0
MinimumVisualStudioVersion = 15.0.26124.0
Project("{2150E333-8FDC-42A3-9474-1A3956D46DE8}") = "src", "src", "{273DF7AF-2D0D-42D5-A4FD-12A33D00B713}"
EndProject
Project("{FAE04EC0-301F-11D3-BF4B-00C04F79EFBC}") = "Esbc.Domain", "src\Esbc.Domain\Esbc.Domain.csproj", "{165C1530-2E33-4A73-96CF-ECE88F51A12B}"
EndProject
Project("{FAE04EC0-301F-11D3-BF4B-00C04F79EFBC}") = "Esbc.Web", "src\Esbc.Web\Esbc.Web.csproj", "{657D10F1-74BA-40F5-9CF3-4F14148C2966}"
EndProject
Project("{2150E333-8FDC-42A3-9474-1A3956D46DE8}") = "__tests__", "__tests__", "{E877A552-E112-4AFF-85D6-7D04B54F79D3}"
EndProject
Project("{FAE04EC0-301F-11D3-BF4B-00C04F79EFBC}") = "Esbc.Domain.Tests", "__tests__\Esbc.Domain.Tests\Esbc.Domain.Tests.csproj", "{9CA7D7FA-970C-4BA9-8902-7BE5E4B6E9A6}"
EndProject
Project("{FAE04EC0-301F-11D3-BF4B-00C04F79EFBC}") = "Esbc.Web.Tests", "__tests__\Esbc.Web.Tests\Esbc.Web.Tests.csproj", "{45241A6C-3ECC-46C4-98DD-DE0AABFFF70E}"
EndProject
Global
	GlobalSection(SolutionConfigurationPlatforms) = preSolution
		Debug|Any CPU = Debug|Any CPU
		Debug|x64 = Debug|x64
		Debug|x86 = Debug|x86
		Release|Any CPU = Release|Any CPU
		Release|x64 = Release|x64
		Release|x86 = Release|x86
	EndGlobalSection
	GlobalSection(SolutionProperties) = preSolution
		HideSolutionNode = FALSE
	EndGlobalSection
	GlobalSection(ProjectConfigurationPlatforms) = postSolution
		{165C1530-2E33-4A73-96CF-ECE88F51A12B}.Debug|Any CPU.ActiveCfg = Debug|Any CPU
		{165C1530-2E33-4A73-96CF-ECE88F51A12B}.Debug|Any CPU.Build.0 = Debug|Any CPU
		{165C1530-2E33-4A73-96CF-ECE88F51A12B}.Debug|x64.ActiveCfg = Debug|Any CPU
		{165C1530-2E33-4A73-96CF-ECE88F51A12B}.Debug|x64.Build.0 = Debug|Any CPU
		{165C1530-2E33-4A73-96CF-ECE88F51A12B}.Debug|x86.ActiveCfg = Debug|Any CPU
		{165C1530-2E33-4A73-96CF-ECE88F51A12B}.Debug|x86.Build.0 = Debug|Any CPU
		{165C1530-2E33-4A73-96CF-ECE88F51A12B}.Release|Any CPU.ActiveCfg = Release|Any CPU
		{165C1530-2E33-4A73-96CF-ECE88F51A12B}.Release|Any CPU.Build.0 = Release|Any CPU
		{165C1530-2E33-4A73-96CF-ECE88F51A12B}.Release|x64.ActiveCfg = Release|Any CPU
		{165C1530-2E33-4A73-96CF-ECE88F51A12B}.Release|x64.Build.0 = Release|Any CPU
		{165C1530-2E33-4A73-96CF-ECE88F51A12B}.Release|x86.ActiveCfg = Release|Any CPU
		{165C1530-2E33-4A73-96CF-ECE88F51A12B}.Release|x86.Build.0 = Release|Any CPU
		{657D10F1-74BA-40F5-9CF3-4F14148C2966}.Debug|Any CPU.ActiveCfg = Debug|Any CPU
		{657D10F1-74BA-40F5-9CF3-4F14148C2966}.Debug|Any CPU.Build.0 = Debug|Any CPU
		{657D10F1-74BA-40F5-9CF3-4F14148C2966}.Debug|x64.ActiveCfg = Debug|Any CPU
		{657D10F1-74BA-40F5-9CF3-4F14148C2966}.Debug|x64.Build.0 = Debug|Any CPU
		{657D10F1-74BA-40F5-9CF3-4F14148C2966}.Debug|x86.ActiveCfg = Debug|Any CPU
		{657D10F1-74BA-40F5-9CF3-4F14148C2966}.Debug|x86.Build.0 = Debug|Any CPU
		{657D10F1-74BA-40F5-9CF3-4F14148C2966}.Release|Any CPU.ActiveCfg = Release|Any CPU
		{657D10F1-74BA-40F5-9CF3-4F14148C2966}.Release|Any CPU.Build.0 = Release|Any CPU
		{657D10F1-74BA-40F5-9CF3-4F14148C2966}.Release|x64.ActiveCfg = Release|Any CPU
		{657D10F1-74BA-40F5-9CF3-4F14148C2966}.Release|x64.Build.0 = Release|Any CPU
		{657D10F1-74BA-40F5-9CF3-4F14148C2966}.Release|x86.ActiveCfg = Release|Any CPU
		{657D10F1-74BA-40F5-9CF3-4F14148C2966}.Release|x86.Build.0 = Release|Any CPU
		{9CA7D7FA-970C-4BA9-8902-7BE5E4B6E9A6}.Debug|Any CPU.ActiveCfg = Debug|Any CPU
		{9CA7D7FA-970C-4BA9-8902-7BE5E4B6E9A6}.Debug|Any CPU.Build.0 = Debug|Any CPU
		{9CA7D7FA-970C-4BA9-8902-7BE5E4B6E9A6}.Debug|x64.ActiveCfg = Debug|Any CPU
		{9CA7D7FA-970C-4BA9-8902-7BE5E4B6E9A6}.Debug|x64.Build.0 = Debug|Any CPU
		{9CA7D7FA-970C-4BA9-8902-7BE5E4B6E9A6}.Debug|x86.ActiveCfg = Debug|Any CPU
		{9CA7D7FA-970C-4BA9-8902-7BE5E4B6E9A6}.Debug|x86.Build.0 = Debug|Any CPU
		{9CA7D7FA-970C-4BA9-8902-7BE5E4B6E9A6}.Release|Any CPU.ActiveCfg = Release|Any CPU
		{9CA7D7FA-970C-4BA9-8902-7BE5E4B6E9A6}.Release|Any CPU.Build.0 = Release|Any CPU
		{9CA7D7FA-970C-4BA9-8902-7BE5E4B6E9A6}.Release|x64.ActiveCfg = Release|Any CPU
		{9CA7D7FA-970C-4BA9-8902-7BE5E4B6E9A6}.Release|x64.Build.0 = Release|Any CPU
		{9CA7D7FA-970C-4BA9-8902-7BE5E4B6E9A6}.Release|x86.ActiveCfg = Release|Any CPU
		{9CA7D7FA-970C-4BA9-8902-7BE5E4B6E9A6}.Release|x86.Build.0 = Release|Any CPU
		{45241A6C-3ECC-46C4-98DD-DE0AABFFF70E}.Debug|Any CPU.ActiveCfg = Debug|Any CPU
		{45241A6C-3ECC-46C4-98DD-DE0AABFFF70E}.Debug|Any CPU.Build.0 = Debug|Any CPU
		{45241A6C-3ECC-46C4-98DD-DE0AABFFF70E}.Debug|x64.ActiveCfg = Debug|Any CPU
		{45241A6C-3ECC-46C4-98DD-DE0AABFFF70E}.Debug|x64.Build.0 = Debug|Any CPU
		{45241A6C-3ECC-46C4-98DD-DE0AABFFF70E}.Debug|x86.ActiveCfg = Debug|Any CPU
		{45241A6C-3ECC-46C4-98DD-DE0AABFFF70E}.Debug|x86.Build.0 = Debug|Any CPU
		{45241A6C-3ECC-46C4-98DD-DE0AABFFF70E}.Release|Any CPU.ActiveCfg = Release|Any CPU
		{45241A6C-3ECC-46C4-98DD-DE0AABFFF70E}.Release|Any CPU.Build.0 = Release|Any CPU
		{45241A6C-3ECC-46C4-98DD-DE0AABFFF70E}.Release|x64.ActiveCfg = Release|Any CPU
		{45241A6C-3ECC-46C4-98DD-DE0AABFFF70E}.Release|x64.Build.0 = Release|Any CPU
		{45241A6C-3ECC-46C4-98DD-DE0AABFFF70E}.Release|x86.ActiveCfg = Release|Any CPU
		{45241A6C-3ECC-46C4-98DD-DE0AABFFF70E}.Release|x86.Build.0 = Release|Any CPU
	EndGlobalSection
	GlobalSection(NestedProjects) = preSolution
		{165C1530-2E33-4A73-96CF-ECE88F51A12B} = {273DF7AF-2D0D-42D5-A4FD-12A33D00B713}
		{657D10F1-74BA-40F5-9CF3-4F14148C2966} = {273DF7AF-2D0D-42D5-A4FD-12A33D00B713}
		{9CA7D7FA-970C-4BA9-8902-7BE5E4B6E9A6} = {E877A552-E112-4AFF-85D6-7D04B54F79D3}
		{45241A6C-3ECC-46C4-98DD-DE0AABFFF70E} = {E877A552-E112-4AFF-85D6-7D04B54F79D3}
	EndGlobalSection
EndGlobal
