
Microsoft Visual Studio Solution File, Format Version 12.00
# Visual Studio 15
VisualStudioVersion = 15.0.26124.0
MinimumVisualStudioVersion = 15.0.26124.0
Project("{2150E333-8FDC-42A3-9474-1A3956D46DE8}") = "src", "src", "{E8B74D0A-A998-485B-9948-0B7837919310}"
EndProject
Project("{FAE04EC0-301F-11D3-BF4B-00C04F79EFBC}") = "Producer", "src\EsbcProducer\EsbcProducer.csproj", "{DA0B1BA3-F7A9-4BEE-8F8F-6D1F6CD4A531}"
EndProject
Project("{2150E333-8FDC-42A3-9474-1A3956D46DE8}") = "__tests__", "__tests__", "{0E5FE3E9-74CE-41D4-96ED-6074A8537F43}"
EndProject
Project("{FAE04EC0-301F-11D3-BF4B-00C04F79EFBC}") = "ProducerTest", "__tests__\EsbcProducerTest\EsbcProducerTest.csproj", "{45CD6946-0187-493B-AF55-39209D37C104}"
EndProject
Global
	GlobalSection(SolutionConfigurationPlatforms) = preSolution
		Debug|Any CPU = Debug|Any CPU
		Debug|x64 = Debug|x64
		Debug|x86 = Debug|x86
		Release|Any CPU = Release|Any CPU
		Release|x64 = Release|x64
		Release|x86 = Release|x86
	EndGlobalSection
	GlobalSection(SolutionProperties) = preSolution
		HideSolutionNode = FALSE
	EndGlobalSection
	GlobalSection(ProjectConfigurationPlatforms) = postSolution
		{DA0B1BA3-F7A9-4BEE-8F8F-6D1F6CD4A531}.Debug|Any CPU.ActiveCfg = Debug|Any CPU
		{DA0B1BA3-F7A9-4BEE-8F8F-6D1F6CD4A531}.Debug|Any CPU.Build.0 = Debug|Any CPU
		{DA0B1BA3-F7A9-4BEE-8F8F-6D1F6CD4A531}.Debug|x64.ActiveCfg = Debug|Any CPU
		{DA0B1BA3-F7A9-4BEE-8F8F-6D1F6CD4A531}.Debug|x64.Build.0 = Debug|Any CPU
		{DA0B1BA3-F7A9-4BEE-8F8F-6D1F6CD4A531}.Debug|x86.ActiveCfg = Debug|Any CPU
		{DA0B1BA3-F7A9-4BEE-8F8F-6D1F6CD4A531}.Debug|x86.Build.0 = Debug|Any CPU
		{DA0B1BA3-F7A9-4BEE-8F8F-6D1F6CD4A531}.Release|Any CPU.ActiveCfg = Release|Any CPU
		{DA0B1BA3-F7A9-4BEE-8F8F-6D1F6CD4A531}.Release|Any CPU.Build.0 = Release|Any CPU
		{DA0B1BA3-F7A9-4BEE-8F8F-6D1F6CD4A531}.Release|x64.ActiveCfg = Release|Any CPU
		{DA0B1BA3-F7A9-4BEE-8F8F-6D1F6CD4A531}.Release|x64.Build.0 = Release|Any CPU
		{DA0B1BA3-F7A9-4BEE-8F8F-6D1F6CD4A531}.Release|x86.ActiveCfg = Release|Any CPU
		{DA0B1BA3-F7A9-4BEE-8F8F-6D1F6CD4A531}.Release|x86.Build.0 = Release|Any CPU
		{45CD6946-0187-493B-AF55-39209D37C104}.Debug|Any CPU.ActiveCfg = Debug|Any CPU
		{45CD6946-0187-493B-AF55-39209D37C104}.Debug|Any CPU.Build.0 = Debug|Any CPU
		{45CD6946-0187-493B-AF55-39209D37C104}.Debug|x64.ActiveCfg = Debug|Any CPU
		{45CD6946-0187-493B-AF55-39209D37C104}.Debug|x64.Build.0 = Debug|Any CPU
		{45CD6946-0187-493B-AF55-39209D37C104}.Debug|x86.ActiveCfg = Debug|Any CPU
		{45CD6946-0187-493B-AF55-39209D37C104}.Debug|x86.Build.0 = Debug|Any CPU
		{45CD6946-0187-493B-AF55-39209D37C104}.Release|Any CPU.ActiveCfg = Release|Any CPU
		{45CD6946-0187-493B-AF55-39209D37C104}.Release|Any CPU.Build.0 = Release|Any CPU
		{45CD6946-0187-493B-AF55-39209D37C104}.Release|x64.ActiveCfg = Release|Any CPU
		{45CD6946-0187-493B-AF55-39209D37C104}.Release|x64.Build.0 = Release|Any CPU
		{45CD6946-0187-493B-AF55-39209D37C104}.Release|x86.ActiveCfg = Release|Any CPU
		{45CD6946-0187-493B-AF55-39209D37C104}.Release|x86.Build.0 = Release|Any CPU
	EndGlobalSection
	GlobalSection(NestedProjects) = preSolution
		{DA0B1BA3-F7A9-4BEE-8F8F-6D1F6CD4A531} = {E8B74D0A-A998-485B-9948-0B7837919310}
		{45CD6946-0187-493B-AF55-39209D37C104} = {0E5FE3E9-74CE-41D4-96ED-6074A8537F43}
	EndGlobalSection
EndGlobal
